{
  "name": "vue",
  "version": "1.0.0",
  "lockfileVersion": 1,
  "requires": true,
  "dependencies": {
    "@packy-tang/vue-tinymce": {
      "version": "1.1.0",
      "resolved": "https://registry.npmjs.org/@packy-tang/vue-tinymce/-/vue-tinymce-1.1.0.tgz",
      "integrity": "sha512-nG8RVyi3oVW2Wk1+mXsAa53E0caxJ1v6TmJiDsIcUkjXaQBEbrBWHF7+aDhjZMeKdJyJT8b9Sd9rrHqSg1gVJQ==",
      "requires": {
        "tinymce": "^5.0.6",
        "vue": "^2.6.0"
      }
    },
    "tinymce": {
      "version": "5.4.2",
      "resolved": "https://registry.npmjs.org/tinymce/-/tinymce-5.4.2.tgz",
      "integrity": "sha512-MRquvKxI28AiSn2ikypgJFD7LH4mQZLtgFn+yROF1bTFp92MdlLeGBrI38/O5mej3cvz27g3Pgr+3MShepbJ+w=="
    },
    "vue": {
      "version": "2.6.12",
      "resolved": "https://registry.npmjs.org/vue/-/vue-2.6.12.tgz",
      "integrity": "sha512-uhmLFETqPPNyuLLbsKz6ioJ4q7AZHzD8ZVFNATNyICSZouqP2Sz0rotWQC8UNBF6VGSCs5abnKJoStA6JbCbfg=="
    }
  }
}
